{
  "requires": true,
  "lockfileVersion": 1,
  "dependencies": {
    "nodeplotlib": {
      "version": "0.6.5",
      "resolved": "https://registry.npmjs.org/nodeplotlib/-/nodeplotlib-0.6.5.tgz",
      "integrity": "sha512-P2mk3QRjXox0Hr1nhMJwjW7Cp8GgZGBM3xIN6ytNoU8W5RJaUs0qgzilSPZjHJpm1R77oRRS+uJmh+1q0PMwIQ=="
    },
    "statistics.js": {
      "version": "1.0.0",
      "resolved": "https://registry.npmjs.org/statistics.js/-/statistics.js-1.0.0.tgz",
      "integrity": "sha512-02+/LzVgoXUQ1PKqq3Z6TQeAX72ykAispsSp7JhimWgv5q7SLhi24rzXthDpteLloihmmLiui22Ygu4VEWOK5g=="
    }
  }
}
